
Microsoft Visual Studio Solution File, Format Version 12.00
# Visual Studio Version 17
VisualStudioVersion = 17.9.34723.18
MinimumVisualStudioVersion = 10.0.40219.1
Project("{FAE04EC0-301F-11D3-BF4B-00C04F79EFBC}") = "Project1_PolygonEditor", "Project1_PolygonEditor\Project1_PolygonEditor.csproj", "{8B2412F7-E24F-4AE3-AE1B-0C728A1CB5DA}"
EndProject
Global
	GlobalSection(SolutionConfigurationPlatforms) = preSolution
		Debug|Any CPU = Debug|Any CPU
		Release|Any CPU = Release|Any CPU
	EndGlobalSection
	GlobalSection(ProjectConfigurationPlatforms) = postSolution
		{8B2412F7-E24F-4AE3-AE1B-0C728A1CB5DA}.Debug|Any CPU.ActiveCfg = Debug|Any CPU
		{8B2412F7-E24F-4AE3-AE1B-0C728A1CB5DA}.Debug|Any CPU.Build.0 = Debug|Any CPU
		{8B2412F7-E24F-4AE3-AE1B-0C728A1CB5DA}.Release|Any CPU.ActiveCfg = Release|Any CPU
		{8B2412F7-E24F-4AE3-AE1B-0C728A1CB5DA}.Release|Any CPU.Build.0 = Release|Any CPU
	EndGlobalSection
	GlobalSection(SolutionProperties) = preSolution
		HideSolutionNode = FALSE
	EndGlobalSection
	GlobalSection(ExtensibilityGlobals) = postSolution
		SolutionGuid = {7351B63C-5D43-4A91-ADC3-4DF5486B5045}
	EndGlobalSection
EndGlobal
